
Microsoft Visual Studio Solution File, Format Version 12.00
# Visual Studio Version 17
VisualStudioVersion = 17.3.32929.385
MinimumVisualStudioVersion = 10.0.40219.1
Project("{FAE04EC0-301F-11D3-BF4B-00C04F79EFBC}") = "WindowsFormsApp6", "WindowsFormsApp6.csproj", "{4A6AFDCF-F686-4653-AC77-1256DD9E1BC7}"
EndProject
Global
	GlobalSection(SolutionConfigurationPlatforms) = preSolution
		Debug|Any CPU = Debug|Any CPU
		Release|Any CPU = Release|Any CPU
	EndGlobalSection
	GlobalSection(ProjectConfigurationPlatforms) = postSolution
		{4A6AFDCF-F686-4653-AC77-1256DD9E1BC7}.Debug|Any CPU.ActiveCfg = Debug|Any CPU
		{4A6AFDCF-F686-4653-AC77-1256DD9E1BC7}.Debug|Any CPU.Build.0 = Debug|Any CPU
		{4A6AFDCF-F686-4653-AC77-1256DD9E1BC7}.Release|Any CPU.ActiveCfg = Release|Any CPU
		{4A6AFDCF-F686-4653-AC77-1256DD9E1BC7}.Release|Any CPU.Build.0 = Release|Any CPU
	EndGlobalSection
	GlobalSection(SolutionProperties) = preSolution
		HideSolutionNode = FALSE
	EndGlobalSection
	GlobalSection(ExtensibilityGlobals) = postSolution
		SolutionGuid = {F5022A15-D000-41AC-BB2C-06FD46A088D0}
	EndGlobalSection
EndGlobal
